{
    "name": "helloworld",
    "version": "1.0.0",
    "lockfileVersion": 1,
    "requires": true,
    "dependencies": {
        "cordova-force-app-close": {
            "version": "1.0.1",
            "resolved": "https://registry.npmjs.org/cordova-force-app-close/-/cordova-force-app-close-1.0.1.tgz",
            "integrity": "sha1-/bQTrrajRwMaBKJ8FlL2CgADZ/4="
        },
        "cordova-plugin-exitapp2": {
            "version": "1.0.4",
            "resolved": "https://registry.npmjs.org/cordova-plugin-exitapp2/-/cordova-plugin-exitapp2-1.0.4.tgz",
            "integrity": "sha1-vFofoIryT7RApSkVGZL5DWk2cC0="
        },
        "cordova-plugin-geolocation": {
            "version": "4.0.1",
            "resolved": "https://registry.npmjs.org/cordova-plugin-geolocation/-/cordova-plugin-geolocation-4.0.1.tgz",
            "integrity": "sha1-RwP6ZJ0kBdJamnMsmev4aHVKLAQ="
        },
        "cordova-plugin-whitelist": {
            "version": "1.3.3",
            "resolved": "https://registry.npmjs.org/cordova-plugin-whitelist/-/cordova-plugin-whitelist-1.3.3.tgz",
            "integrity": "sha1-tehezbv+Wu3tQKG/TuI3LmfZb7Q="
        },
        "hoek": {
            "version": "5.0.4",
            "resolved": "https://registry.npmjs.org/hoek/-/hoek-5.0.4.tgz",
            "integrity": "sha512-Alr4ZQgoMlnere5FZJsIyfIjORBqZll5POhDsF4q64dPuJR6rNxXdDxtHSQq8OXRurhmx+PWYEE8bXRROY8h0w=="
        },
        "lodash": {
            "version": "4.17.10",
            "resolved": "https://registry.npmjs.org/lodash/-/lodash-4.17.10.tgz",
            "integrity": "sha512-UejweD1pDoXu+AD825lWwp4ZGtSwgnpZxb3JDViD7StjQz+Nb/6l093lx4OQ0foGWNRoc19mWy7BzL+UAK2iVg=="
        }
    }
}
